
Microsoft Visual Studio Solution File, Format Version 12.00
# Visual Studio Version 17
VisualStudioVersion = 17.5.33414.496
MinimumVisualStudioVersion = 10.0.40219.1
Project("{FAE04EC0-301F-11D3-BF4B-00C04F79EFBC}") = "280223_NBUY", "280223_NBUY\280223_NBUY.csproj", "{EA9F594F-4755-4E0F-BB68-421AFD669D27}"
EndProject
Global
	GlobalSection(SolutionConfigurationPlatforms) = preSolution
		Debug|Any CPU = Debug|Any CPU
		Release|Any CPU = Release|Any CPU
	EndGlobalSection
	GlobalSection(ProjectConfigurationPlatforms) = postSolution
		{EA9F594F-4755-4E0F-BB68-421AFD669D27}.Debug|Any CPU.ActiveCfg = Debug|Any CPU
		{EA9F594F-4755-4E0F-BB68-421AFD669D27}.Debug|Any CPU.Build.0 = Debug|Any CPU
		{EA9F594F-4755-4E0F-BB68-421AFD669D27}.Release|Any CPU.ActiveCfg = Release|Any CPU
		{EA9F594F-4755-4E0F-BB68-421AFD669D27}.Release|Any CPU.Build.0 = Release|Any CPU
	EndGlobalSection
	GlobalSection(SolutionProperties) = preSolution
		HideSolutionNode = FALSE
	EndGlobalSection
	GlobalSection(ExtensibilityGlobals) = postSolution
		SolutionGuid = {DD34E8F8-A30D-43A7-8979-CD4CB290C4F6}
	EndGlobalSection
EndGlobal
